
Microsoft Visual Studio Solution File, Format Version 12.00
# Visual Studio Version 16
VisualStudioVersion = 16.0.31515.178
MinimumVisualStudioVersion = 10.0.40219.1
Project("{9A19103F-16F7-4668-BE54-9A1E7A4F7556}") = "Rocks", "PresentationLayer\Rocks\Rocks.csproj", "{2B1A3651-A465-48D0-B449-0E1E7778089A}"
EndProject
Project("{2150E333-8FDC-42A3-9474-1A3956D46DE8}") = "PresentationLayer", "PresentationLayer", "{EEC558AA-D81C-4583-9AF5-94C08F5A7BF3}"
EndProject
Project("{2150E333-8FDC-42A3-9474-1A3956D46DE8}") = "BusinessLayer", "BusinessLayer", "{F28224DB-643B-4DED-AF7E-1A60860351C8}"
EndProject
Project("{2150E333-8FDC-42A3-9474-1A3956D46DE8}") = "DataLayer", "DataLayer", "{EAC03FF3-3B16-4960-AD7C-D9FF3C0D41A9}"
EndProject
Project("{2150E333-8FDC-42A3-9474-1A3956D46DE8}") = "Shared", "Shared", "{3879FA46-9B8C-4CAD-B0EA-8CC327CFF618}"
EndProject
Project("{9A19103F-16F7-4668-BE54-9A1E7A4F7556}") = "Rocks.Shared", "Shared\Rocks.Shared\Rocks.Shared.csproj", "{FE21B89C-2734-4253-AFF6-DC2C078DF585}"
EndProject
Project("{9A19103F-16F7-4668-BE54-9A1E7A4F7556}") = "Rocks.DataLayer", "DataLayer\Rocks.DataLayer\Rocks.DataLayer.csproj", "{90685A24-F237-4397-BF60-088325D2226E}"
EndProject
Project("{9A19103F-16F7-4668-BE54-9A1E7A4F7556}") = "Rocks.BusinessLayer", "BusinessLayer\Rocks.BusinessLayer\Rocks.BusinessLayer.csproj", "{A26CF91C-AE92-464A-BDAE-82392167FD44}"
EndProject
Project("{9A19103F-16F7-4668-BE54-9A1E7A4F7556}") = "Rocks.PresentationLayer.Shared", "PresentationLayer\Rocks.PresentationLayer.Shared\Rocks.PresentationLayer.Shared.csproj", "{8C1BF45D-D53C-4713-8750-FF96538CDCAF}"
EndProject
Project("{9A19103F-16F7-4668-BE54-9A1E7A4F7556}") = "Rocks.Detection", "PresentationLayer\Rocks.Detection\Rocks.Detection.csproj", "{0B17367A-CD64-4F07-AB0E-6EBFE33814F7}"
EndProject
Project("{FAE04EC0-301F-11D3-BF4B-00C04F79EFBC}") = "Rabbit.Rpc", "Shared\Rabbit.Rpc\Rabbit.Rpc.csproj", "{9F4C7AE2-48B1-46A3-A27F-71215B120FE2}"
EndProject
Global
	GlobalSection(SolutionConfigurationPlatforms) = preSolution
		Debug|Any CPU = Debug|Any CPU
		Release|Any CPU = Release|Any CPU
	EndGlobalSection
	GlobalSection(ProjectConfigurationPlatforms) = postSolution
		{2B1A3651-A465-48D0-B449-0E1E7778089A}.Debug|Any CPU.ActiveCfg = Debug|Any CPU
		{2B1A3651-A465-48D0-B449-0E1E7778089A}.Debug|Any CPU.Build.0 = Debug|Any CPU
		{2B1A3651-A465-48D0-B449-0E1E7778089A}.Release|Any CPU.ActiveCfg = Release|Any CPU
		{2B1A3651-A465-48D0-B449-0E1E7778089A}.Release|Any CPU.Build.0 = Release|Any CPU
		{FE21B89C-2734-4253-AFF6-DC2C078DF585}.Debug|Any CPU.ActiveCfg = Debug|Any CPU
		{FE21B89C-2734-4253-AFF6-DC2C078DF585}.Debug|Any CPU.Build.0 = Debug|Any CPU
		{FE21B89C-2734-4253-AFF6-DC2C078DF585}.Release|Any CPU.ActiveCfg = Release|Any CPU
		{FE21B89C-2734-4253-AFF6-DC2C078DF585}.Release|Any CPU.Build.0 = Release|Any CPU
		{90685A24-F237-4397-BF60-088325D2226E}.Debug|Any CPU.ActiveCfg = Debug|Any CPU
		{90685A24-F237-4397-BF60-088325D2226E}.Debug|Any CPU.Build.0 = Debug|Any CPU
		{90685A24-F237-4397-BF60-088325D2226E}.Release|Any CPU.ActiveCfg = Release|Any CPU
		{90685A24-F237-4397-BF60-088325D2226E}.Release|Any CPU.Build.0 = Release|Any CPU
		{A26CF91C-AE92-464A-BDAE-82392167FD44}.Debug|Any CPU.ActiveCfg = Debug|Any CPU
		{A26CF91C-AE92-464A-BDAE-82392167FD44}.Debug|Any CPU.Build.0 = Debug|Any CPU
		{A26CF91C-AE92-464A-BDAE-82392167FD44}.Release|Any CPU.ActiveCfg = Release|Any CPU
		{A26CF91C-AE92-464A-BDAE-82392167FD44}.Release|Any CPU.Build.0 = Release|Any CPU
		{8C1BF45D-D53C-4713-8750-FF96538CDCAF}.Debug|Any CPU.ActiveCfg = Debug|Any CPU
		{8C1BF45D-D53C-4713-8750-FF96538CDCAF}.Debug|Any CPU.Build.0 = Debug|Any CPU
		{8C1BF45D-D53C-4713-8750-FF96538CDCAF}.Release|Any CPU.ActiveCfg = Release|Any CPU
		{8C1BF45D-D53C-4713-8750-FF96538CDCAF}.Release|Any CPU.Build.0 = Release|Any CPU
		{0B17367A-CD64-4F07-AB0E-6EBFE33814F7}.Debug|Any CPU.ActiveCfg = Debug|Any CPU
		{0B17367A-CD64-4F07-AB0E-6EBFE33814F7}.Debug|Any CPU.Build.0 = Debug|Any CPU
		{0B17367A-CD64-4F07-AB0E-6EBFE33814F7}.Release|Any CPU.ActiveCfg = Release|Any CPU
		{0B17367A-CD64-4F07-AB0E-6EBFE33814F7}.Release|Any CPU.Build.0 = Release|Any CPU
		{9F4C7AE2-48B1-46A3-A27F-71215B120FE2}.Debug|Any CPU.ActiveCfg = Debug|Any CPU
		{9F4C7AE2-48B1-46A3-A27F-71215B120FE2}.Debug|Any CPU.Build.0 = Debug|Any CPU
		{9F4C7AE2-48B1-46A3-A27F-71215B120FE2}.Release|Any CPU.ActiveCfg = Release|Any CPU
		{9F4C7AE2-48B1-46A3-A27F-71215B120FE2}.Release|Any CPU.Build.0 = Release|Any CPU
	EndGlobalSection
	GlobalSection(SolutionProperties) = preSolution
		HideSolutionNode = FALSE
	EndGlobalSection
	GlobalSection(NestedProjects) = preSolution
		{2B1A3651-A465-48D0-B449-0E1E7778089A} = {EEC558AA-D81C-4583-9AF5-94C08F5A7BF3}
		{FE21B89C-2734-4253-AFF6-DC2C078DF585} = {3879FA46-9B8C-4CAD-B0EA-8CC327CFF618}
		{90685A24-F237-4397-BF60-088325D2226E} = {EAC03FF3-3B16-4960-AD7C-D9FF3C0D41A9}
		{A26CF91C-AE92-464A-BDAE-82392167FD44} = {F28224DB-643B-4DED-AF7E-1A60860351C8}
		{8C1BF45D-D53C-4713-8750-FF96538CDCAF} = {EEC558AA-D81C-4583-9AF5-94C08F5A7BF3}
		{0B17367A-CD64-4F07-AB0E-6EBFE33814F7} = {EEC558AA-D81C-4583-9AF5-94C08F5A7BF3}
		{9F4C7AE2-48B1-46A3-A27F-71215B120FE2} = {3879FA46-9B8C-4CAD-B0EA-8CC327CFF618}
	EndGlobalSection
	GlobalSection(ExtensibilityGlobals) = postSolution
		SolutionGuid = {BA397211-E508-48B3-B33F-191A69AC1FE1}
	EndGlobalSection
EndGlobal
